
Microsoft Visual Studio Solution File, Format Version 12.00
# Visual Studio 2012
Project("{FAE04EC0-301F-11D3-BF4B-00C04F79EFBC}") = "AzureOfflineSync", "AzureOfflineSync\AzureOfflineSync.csproj", "{44A50C2D-C1C1-4B4F-9031-490DF4A0DAE1}"
EndProject
Project("{FAE04EC0-301F-11D3-BF4B-00C04F79EFBC}") = "AzureOfflineSync.iOS", "iOS\AzureOfflineSync.iOS.csproj", "{466418B5-7530-404C-AD6C-428C09CA8BE0}"
EndProject
Project("{FAE04EC0-301F-11D3-BF4B-00C04F79EFBC}") = "AzureOfflineSync.Droid", "Droid\AzureOfflineSync.Droid.csproj", "{A2AC2AB1-0A9C-4D56-90A3-700E243EC6AB}"
EndProject
Global
	GlobalSection(SolutionConfigurationPlatforms) = preSolution
		Debug|Any CPU = Debug|Any CPU
		Release|Any CPU = Release|Any CPU
		Debug|iPhoneSimulator = Debug|iPhoneSimulator
		Release|iPhone = Release|iPhone
		Release|iPhoneSimulator = Release|iPhoneSimulator
		Debug|iPhone = Debug|iPhone
	EndGlobalSection
	GlobalSection(ProjectConfigurationPlatforms) = postSolution
		{44A50C2D-C1C1-4B4F-9031-490DF4A0DAE1}.Debug|Any CPU.ActiveCfg = Debug|Any CPU
		{44A50C2D-C1C1-4B4F-9031-490DF4A0DAE1}.Debug|Any CPU.Build.0 = Debug|Any CPU
		{44A50C2D-C1C1-4B4F-9031-490DF4A0DAE1}.Release|Any CPU.ActiveCfg = Release|Any CPU
		{44A50C2D-C1C1-4B4F-9031-490DF4A0DAE1}.Release|Any CPU.Build.0 = Release|Any CPU
		{44A50C2D-C1C1-4B4F-9031-490DF4A0DAE1}.Debug|iPhoneSimulator.ActiveCfg = Debug|Any CPU
		{44A50C2D-C1C1-4B4F-9031-490DF4A0DAE1}.Debug|iPhoneSimulator.Build.0 = Debug|Any CPU
		{44A50C2D-C1C1-4B4F-9031-490DF4A0DAE1}.Release|iPhone.ActiveCfg = Release|Any CPU
		{44A50C2D-C1C1-4B4F-9031-490DF4A0DAE1}.Release|iPhone.Build.0 = Release|Any CPU
		{44A50C2D-C1C1-4B4F-9031-490DF4A0DAE1}.Release|iPhoneSimulator.ActiveCfg = Release|Any CPU
		{44A50C2D-C1C1-4B4F-9031-490DF4A0DAE1}.Release|iPhoneSimulator.Build.0 = Release|Any CPU
		{44A50C2D-C1C1-4B4F-9031-490DF4A0DAE1}.Debug|iPhone.ActiveCfg = Debug|Any CPU
		{44A50C2D-C1C1-4B4F-9031-490DF4A0DAE1}.Debug|iPhone.Build.0 = Debug|Any CPU
		{466418B5-7530-404C-AD6C-428C09CA8BE0}.Debug|Any CPU.ActiveCfg = Debug|iPhoneSimulator
		{466418B5-7530-404C-AD6C-428C09CA8BE0}.Debug|Any CPU.Build.0 = Debug|iPhoneSimulator
		{466418B5-7530-404C-AD6C-428C09CA8BE0}.Release|Any CPU.ActiveCfg = Release|iPhone
		{466418B5-7530-404C-AD6C-428C09CA8BE0}.Release|Any CPU.Build.0 = Release|iPhone
		{466418B5-7530-404C-AD6C-428C09CA8BE0}.Debug|iPhoneSimulator.ActiveCfg = Debug|iPhoneSimulator
		{466418B5-7530-404C-AD6C-428C09CA8BE0}.Debug|iPhoneSimulator.Build.0 = Debug|iPhoneSimulator
		{466418B5-7530-404C-AD6C-428C09CA8BE0}.Release|iPhone.ActiveCfg = Release|iPhone
		{466418B5-7530-404C-AD6C-428C09CA8BE0}.Release|iPhone.Build.0 = Release|iPhone
		{466418B5-7530-404C-AD6C-428C09CA8BE0}.Release|iPhoneSimulator.ActiveCfg = Release|iPhoneSimulator
		{466418B5-7530-404C-AD6C-428C09CA8BE0}.Release|iPhoneSimulator.Build.0 = Release|iPhoneSimulator
		{466418B5-7530-404C-AD6C-428C09CA8BE0}.Debug|iPhone.ActiveCfg = Debug|iPhone
		{466418B5-7530-404C-AD6C-428C09CA8BE0}.Debug|iPhone.Build.0 = Debug|iPhone
		{A2AC2AB1-0A9C-4D56-90A3-700E243EC6AB}.Debug|Any CPU.ActiveCfg = Debug|Any CPU
		{A2AC2AB1-0A9C-4D56-90A3-700E243EC6AB}.Debug|Any CPU.Build.0 = Debug|Any CPU
		{A2AC2AB1-0A9C-4D56-90A3-700E243EC6AB}.Release|Any CPU.ActiveCfg = Release|Any CPU
		{A2AC2AB1-0A9C-4D56-90A3-700E243EC6AB}.Release|Any CPU.Build.0 = Release|Any CPU
		{A2AC2AB1-0A9C-4D56-90A3-700E243EC6AB}.Debug|iPhoneSimulator.ActiveCfg = Debug|Any CPU
		{A2AC2AB1-0A9C-4D56-90A3-700E243EC6AB}.Debug|iPhoneSimulator.Build.0 = Debug|Any CPU
		{A2AC2AB1-0A9C-4D56-90A3-700E243EC6AB}.Release|iPhone.ActiveCfg = Release|Any CPU
		{A2AC2AB1-0A9C-4D56-90A3-700E243EC6AB}.Release|iPhone.Build.0 = Release|Any CPU
		{A2AC2AB1-0A9C-4D56-90A3-700E243EC6AB}.Release|iPhoneSimulator.ActiveCfg = Release|Any CPU
		{A2AC2AB1-0A9C-4D56-90A3-700E243EC6AB}.Release|iPhoneSimulator.Build.0 = Release|Any CPU
		{A2AC2AB1-0A9C-4D56-90A3-700E243EC6AB}.Debug|iPhone.ActiveCfg = Debug|Any CPU
		{A2AC2AB1-0A9C-4D56-90A3-700E243EC6AB}.Debug|iPhone.Build.0 = Debug|Any CPU
	EndGlobalSection
EndGlobal
